
Microsoft Visual Studio Solution File, Format Version 12.00
# Visual Studio Version 17
VisualStudioVersion = 17.14.36109.1 d17.14
MinimumVisualStudioVersion = 10.0.40219.1
Project("{FAE04EC0-301F-11D3-BF4B-00C04F79EFBC}") = "TourMate.MessageService.Api", "TourMate.MessageService.Api\TourMate.MessageService.Api.csproj", "{89576E89-BE5C-4C6E-819A-1147812F4C7F}"
EndProject
Project("{FAE04EC0-301F-11D3-BF4B-00C04F79EFBC}") = "TourMate.MessageService.Repositories", "TourMate.MessageService.Repositories\TourMate.MessageService.Repositories.csproj", "{A76A026B-BAD1-4E68-A0D9-5DA78A766389}"
EndProject
Project("{FAE04EC0-301F-11D3-BF4B-00C04F79EFBC}") = "TourMate.MessageService.Services", "TourMate.MessageService.Services\TourMate.MessageService.Services.csproj", "{FF10A2AA-4F8C-43A8-A75B-9A1843715462}"
EndProject
Global
	GlobalSection(SolutionConfigurationPlatforms) = preSolution
		Debug|Any CPU = Debug|Any CPU
		Release|Any CPU = Release|Any CPU
	EndGlobalSection
	GlobalSection(ProjectConfigurationPlatforms) = postSolution
		{89576E89-BE5C-4C6E-819A-1147812F4C7F}.Debug|Any CPU.ActiveCfg = Debug|Any CPU
		{89576E89-BE5C-4C6E-819A-1147812F4C7F}.Debug|Any CPU.Build.0 = Debug|Any CPU
		{89576E89-BE5C-4C6E-819A-1147812F4C7F}.Release|Any CPU.ActiveCfg = Release|Any CPU
		{89576E89-BE5C-4C6E-819A-1147812F4C7F}.Release|Any CPU.Build.0 = Release|Any CPU
		{A76A026B-BAD1-4E68-A0D9-5DA78A766389}.Debug|Any CPU.ActiveCfg = Debug|Any CPU
		{A76A026B-BAD1-4E68-A0D9-5DA78A766389}.Debug|Any CPU.Build.0 = Debug|Any CPU
		{A76A026B-BAD1-4E68-A0D9-5DA78A766389}.Release|Any CPU.ActiveCfg = Release|Any CPU
		{A76A026B-BAD1-4E68-A0D9-5DA78A766389}.Release|Any CPU.Build.0 = Release|Any CPU
		{FF10A2AA-4F8C-43A8-A75B-9A1843715462}.Debug|Any CPU.ActiveCfg = Debug|Any CPU
		{FF10A2AA-4F8C-43A8-A75B-9A1843715462}.Debug|Any CPU.Build.0 = Debug|Any CPU
		{FF10A2AA-4F8C-43A8-A75B-9A1843715462}.Release|Any CPU.ActiveCfg = Release|Any CPU
		{FF10A2AA-4F8C-43A8-A75B-9A1843715462}.Release|Any CPU.Build.0 = Release|Any CPU
	EndGlobalSection
	GlobalSection(SolutionProperties) = preSolution
		HideSolutionNode = FALSE
	EndGlobalSection
	GlobalSection(ExtensibilityGlobals) = postSolution
		SolutionGuid = {2B1D4A72-EE3B-45EA-A4BD-91B00D9D57F6}
	EndGlobalSection
EndGlobal
